
Microsoft Visual Studio Solution File, Format Version 12.00
# Visual Studio Version 16
VisualStudioVersion = 16.0.30225.117
MinimumVisualStudioVersion = 10.0.40219.1
Project("{9A19103F-16F7-4668-BE54-9A1E7A4F7556}") = "PresentationLayer", "PresentationLayer.csproj", "{956E9278-37CC-4DB5-8B3F-8FBD8619DEF6}"
EndProject
Project("{9A19103F-16F7-4668-BE54-9A1E7A4F7556}") = "ApplicationLayer", "..\ApplicationLayer\ApplicationLayer.csproj", "{8AD3E7E8-9BFD-4D21-A89B-9408B592A2B9}"
EndProject
Project("{FAE04EC0-301F-11D3-BF4B-00C04F79EFBC}") = "DomainLayer", "..\DomainLayer\DomainLayer.csproj", "{A33E6FF5-7C71-4CFE-B9BA-FFD2588F276C}"
EndProject
Global
	GlobalSection(SolutionConfigurationPlatforms) = preSolution
		Debug|Any CPU = Debug|Any CPU
		Release|Any CPU = Release|Any CPU
	EndGlobalSection
	GlobalSection(ProjectConfigurationPlatforms) = postSolution
		{956E9278-37CC-4DB5-8B3F-8FBD8619DEF6}.Debug|Any CPU.ActiveCfg = Debug|Any CPU
		{956E9278-37CC-4DB5-8B3F-8FBD8619DEF6}.Debug|Any CPU.Build.0 = Debug|Any CPU
		{956E9278-37CC-4DB5-8B3F-8FBD8619DEF6}.Release|Any CPU.ActiveCfg = Release|Any CPU
		{956E9278-37CC-4DB5-8B3F-8FBD8619DEF6}.Release|Any CPU.Build.0 = Release|Any CPU
		{8AD3E7E8-9BFD-4D21-A89B-9408B592A2B9}.Debug|Any CPU.ActiveCfg = Debug|Any CPU
		{8AD3E7E8-9BFD-4D21-A89B-9408B592A2B9}.Debug|Any CPU.Build.0 = Debug|Any CPU
		{8AD3E7E8-9BFD-4D21-A89B-9408B592A2B9}.Release|Any CPU.ActiveCfg = Release|Any CPU
		{8AD3E7E8-9BFD-4D21-A89B-9408B592A2B9}.Release|Any CPU.Build.0 = Release|Any CPU
		{A33E6FF5-7C71-4CFE-B9BA-FFD2588F276C}.Debug|Any CPU.ActiveCfg = Debug|Any CPU
		{A33E6FF5-7C71-4CFE-B9BA-FFD2588F276C}.Debug|Any CPU.Build.0 = Debug|Any CPU
		{A33E6FF5-7C71-4CFE-B9BA-FFD2588F276C}.Release|Any CPU.ActiveCfg = Release|Any CPU
		{A33E6FF5-7C71-4CFE-B9BA-FFD2588F276C}.Release|Any CPU.Build.0 = Release|Any CPU
	EndGlobalSection
	GlobalSection(SolutionProperties) = preSolution
		HideSolutionNode = FALSE
	EndGlobalSection
	GlobalSection(ExtensibilityGlobals) = postSolution
		SolutionGuid = {51E1E588-BE81-4FC1-B6CB-1FF5FBF24EA9}
	EndGlobalSection
EndGlobal
